// !$*UTF8*$!
{
	archiveVersion = 1;
	classes = {
	};
	objectVersion = 55;
	objects = {

/* Begin PBXBuildFile section */
		11EAC92F29D3DF8200783AD5 /* AppDelegate.swift in Sources */ = {isa = PBXBuildFile; fileRef = 11EAC92E29D3DF8200783AD5 /* AppDelegate.swift */; };
		11EAC93129D3DF8200783AD5 /* SceneDelegate.swift in Sources */ = {isa = PBXBuildFile; fileRef = 11EAC93029D3DF8200783AD5 /* SceneDelegate.swift */; };
		11EAC93329D3DF8200783AD5 /* ViewController.swift in Sources */ = {isa = PBXBuildFile; fileRef = 11EAC93229D3DF8200783AD5 /* ViewController.swift */; };
		11EAC93629D3DF8200783AD5 /* Main.storyboard in Resources */ = {isa = PBXBuildFile; fileRef = 11EAC93429D3DF8200783AD5 /* Main.storyboard */; };
		11EAC93829D3DF8400783AD5 /* Assets.xcassets in Resources */ = {isa = PBXBuildFile; fileRef = 11EAC93729D3DF8400783AD5 /* Assets.xcassets */; };
		11EAC93B29D3DF8400783AD5 /* LaunchScreen.storyboard in Resources */ = {isa = PBXBuildFile; fileRef = 11EAC93929D3DF8400783AD5 /* LaunchScreen.storyboard */; };
		11EAC94629D3DF8400783AD5 /* UnitTestingTests.swift in Sources */ = {isa = PBXBuildFile; fileRef = 11EAC94529D3DF8400783AD5 /* UnitTestingTests.swift */; };
		11EAC95029D3DF8400783AD5 /* UnitTestingUITests.swift in Sources */ = {isa = PBXBuildFile; fileRef = 11EAC94F29D3DF8400783AD5 /* UnitTestingUITests.swift */; };
		11EAC95229D3DF8400783AD5 /* UnitTestingUITestsLaunchTests.swift in Sources */ = {isa = PBXBuildFile; fileRef = 11EAC95129D3DF8400783AD5 /* UnitTestingUITestsLaunchTests.swift */; };
		11EAC95F29D3DFE400783AD5 /* MathStuff.swift in Sources */ = {isa = PBXBuildFile; fileRef = 11EAC95E29D3DFE400783AD5 /* MathStuff.swift */; };
/* End PBXBuildFile section */

/* Begin PBXContainerItemProxy section */
		11EAC94229D3DF8400783AD5 /* PBXContainerItemProxy */ = {
			isa = PBXContainerItemProxy;
			containerPortal = 11EAC92329D3DF8200783AD5 /* Project object */;
			proxyType = 1;
			remoteGlobalIDString = 11EAC92A29D3DF8200783AD5;
			remoteInfo = UnitTesting;
		};
		11EAC94C29D3DF8400783AD5 /* PBXContainerItemProxy */ = {
			isa = PBXContainerItemProxy;
			containerPortal = 11EAC92329D3DF8200783AD5 /* Project object */;
			proxyType = 1;
			remoteGlobalIDString = 11EAC92A29D3DF8200783AD5;
			remoteInfo = UnitTesting;
		};
/* End PBXContainerItemProxy section */

/* Begin PBXFileReference section */
		11EAC92B29D3DF8200783AD5 /* UnitTesting.app */ = {isa = PBXFileReference; explicitFileType = wrapper.application; includeInIndex = 0; path = UnitTesting.app; sourceTree = BUILT_PRODUCTS_DIR; };
		11EAC92E29D3DF8200783AD5 /* AppDelegate.swift */ = {isa = PBXFileReference; lastKnownFileType = sourcecode.swift; path = AppDelegate.swift; sourceTree = "<group>"; };
		11EAC93029D3DF8200783AD5 /* SceneDelegate.swift */ = {isa = PBXFileReference; lastKnownFileType = sourcecode.swift; path = SceneDelegate.swift; sourceTree = "<group>"; };
		11EAC93229D3DF8200783AD5 /* ViewController.swift */ = {isa = PBXFileReference; lastKnownFileType = sourcecode.swift; path = ViewController.swift; sourceTree = "<group>"; };
		11EAC93529D3DF8200783AD5 /* Base */ = {isa = PBXFileReference; lastKnownFileType = file.storyboard; name = Base; path = Base.lproj/Main.storyboard; sourceTree = "<group>"; };
		11EAC93729D3DF8400783AD5 /* Assets.xcassets */ = {isa = PBXFileReference; lastKnownFileType = folder.assetcatalog; path = Assets.xcassets; sourceTree = "<group>"; };
		11EAC93A29D3DF8400783AD5 /* Base */ = {isa = PBXFileReference; lastKnownFileType = file.storyboard; name = Base; path = Base.lproj/LaunchScreen.storyboard; sourceTree = "<group>"; };
		11EAC93C29D3DF8400783AD5 /* Info.plist */ = {isa = PBXFileReference; lastKnownFileType = text.plist.xml; path = Info.plist; sourceTree = "<group>"; };
		11EAC94129D3DF8400783AD5 /* UnitTestingTests.xctest */ = {isa = PBXFileReference; explicitFileType = wrapper.cfbundle; includeInIndex = 0; path = UnitTestingTests.xctest; sourceTree = BUILT_PRODUCTS_DIR; };
		11EAC94529D3DF8400783AD5 /* UnitTestingTests.swift */ = {isa = PBXFileReference; lastKnownFileType = sourcecode.swift; path = UnitTestingTests.swift; sourceTree = "<group>"; };
		11EAC94B29D3DF8400783AD5 /* UnitTestingUITests.xctest */ = {isa = PBXFileReference; explicitFileType = wrapper.cfbundle; includeInIndex = 0; path = UnitTestingUITests.xctest; sourceTree = BUILT_PRODUCTS_DIR; };
		11EAC94F29D3DF8400783AD5 /* UnitTestingUITests.swift */ = {isa = PBXFileReference; lastKnownFileType = sourcecode.swift; path = UnitTestingUITests.swift; sourceTree = "<group>"; };
		11EAC95129D3DF8400783AD5 /* UnitTestingUITestsLaunchTests.swift */ = {isa = PBXFileReference; lastKnownFileType = sourcecode.swift; path = UnitTestingUITestsLaunchTests.swift; sourceTree = "<group>"; };
		11EAC95E29D3DFE400783AD5 /* MathStuff.swift */ = {isa = PBXFileReference; lastKnownFileType = sourcecode.swift; path = MathStuff.swift; sourceTree = "<group>"; };
/* End PBXFileReference section */

/* Begin PBXFrameworksBuildPhase section */
		11EAC92829D3DF8200783AD5 /* Frameworks */ = {
			isa = PBXFrameworksBuildPhase;
			buildActionMask = 2147483647;
			files = (
			);
			runOnlyForDeploymentPostprocessing = 0;
		};
		11EAC93E29D3DF8400783AD5 /* Frameworks */ = {
			isa = PBXFrameworksBuildPhase;
			buildActionMask = 2147483647;
			files = (
			);
			runOnlyForDeploymentPostprocessing = 0;
		};
		11EAC94829D3DF8400783AD5 /* Frameworks */ = {
			isa = PBXFrameworksBuildPhase;
			buildActionMask = 2147483647;
			files = (
			);
			runOnlyForDeploymentPostprocessing = 0;
		};
/* End PBXFrameworksBuildPhase section */

/* Begin PBXGroup section */
		11EAC92229D3DF8200783AD5 = {
			isa = PBXGroup;
			children = (
				11EAC92D29D3DF8200783AD5 /* UnitTesting */,
				11EAC94429D3DF8400783AD5 /* UnitTestingTests */,
				11EAC94E29D3DF8400783AD5 /* UnitTestingUITests */,
				11EAC92C29D3DF8200783AD5 /* Products */,
			);
			sourceTree = "<group>";
		};
		11EAC92C29D3DF8200783AD5 /* Products */ = {
			isa = PBXGroup;
			children = (
				11EAC92B29D3DF8200783AD5 /* UnitTesting.app */,
				11EAC94129D3DF8400783AD5 /* UnitTestingTests.xctest */,
				11EAC94B29D3DF8400783AD5 /* UnitTestingUITests.xctest */,
			);
			name = Products;
			sourceTree = "<group>";
		};
		11EAC92D29D3DF8200783AD5 /* UnitTesting */ = {
			isa = PBXGroup;
			children = (
				11EAC92E29D3DF8200783AD5 /* AppDelegate.swift */,
				11EAC93029D3DF8200783AD5 /* SceneDelegate.swift */,
				11EAC93229D3DF8200783AD5 /* ViewController.swift */,
				11EAC93429D3DF8200783AD5 /* Main.storyboard */,
				11EAC93729D3DF8400783AD5 /* Assets.xcassets */,
				11EAC93929D3DF8400783AD5 /* LaunchScreen.storyboard */,
				11EAC93C29D3DF8400783AD5 /* Info.plist */,
				11EAC95E29D3DFE400783AD5 /* MathStuff.swift */,
			);
			path = UnitTesting;
			sourceTree = "<group>";
		};
		11EAC94429D3DF8400783AD5 /* UnitTestingTests */ = {
			isa = PBXGroup;
			children = (
				11EAC94529D3DF8400783AD5 /* UnitTestingTests.swift */,
			);
			path = UnitTestingTests;
			sourceTree = "<group>";
		};
		11EAC94E29D3DF8400783AD5 /* UnitTestingUITests */ = {
			isa = PBXGroup;
			children = (
				11EAC94F29D3DF8400783AD5 /* UnitTestingUITests.swift */,
				11EAC95129D3DF8400783AD5 /* UnitTestingUITestsLaunchTests.swift */,
			);
			path = UnitTestingUITests;
			sourceTree = "<group>";
		};
/* End PBXGroup section */

/* Begin PBXNativeTarget section */
		11EAC92A29D3DF8200783AD5 /* UnitTesting */ = {
			isa = PBXNativeTarget;
			buildConfigurationList = 11EAC95529D3DF8400783AD5 /* Build configuration list for PBXNativeTarget "UnitTesting" */;
			buildPhases = (
				11EAC92729D3DF8200783AD5 /* Sources */,
				11EAC92829D3DF8200783AD5 /* Frameworks */,
				11EAC92929D3DF8200783AD5 /* Resources */,
			);
			buildRules = (
			);
			dependencies = (
			);
			name = UnitTesting;
			productName = UnitTesting;
			productReference = 11EAC92B29D3DF8200783AD5 /* UnitTesting.app */;
			productType = "com.apple.product-type.application";
		};
		11EAC94029D3DF8400783AD5 /* UnitTestingTests */ = {
			isa = PBXNativeTarget;
			buildConfigurationList = 11EAC95829D3DF8400783AD5 /* Build configuration list for PBXNativeTarget "UnitTestingTests" */;
			buildPhases = (
				11EAC93D29D3DF8400783AD5 /* Sources */,
				11EAC93E29D3DF8400783AD5 /* Frameworks */,
				11EAC93F29D3DF8400783AD5 /* Resources */,
			);
			buildRules = (
			);
			dependencies = (
				11EAC94329D3DF8400783AD5 /* PBXTargetDependency */,
			);
			name = UnitTestingTests;
			productName = UnitTestingTests;
			productReference = 11EAC94129D3DF8400783AD5 /* UnitTestingTests.xctest */;
			productType = "com.apple.product-type.bundle.unit-test";
		};
		11EAC94A29D3DF8400783AD5 /* UnitTestingUITests */ = {
			isa = PBXNativeTarget;
			buildConfigurationList = 11EAC95B29D3DF8400783AD5 /* Build configuration list for PBXNativeTarget "UnitTestingUITests" */;
			buildPhases = (
				11EAC94729D3DF8400783AD5 /* Sources */,
				11EAC94829D3DF8400783AD5 /* Frameworks */,
				11EAC94929D3DF8400783AD5 /* Resources */,
			);
			buildRules = (
			);
			dependencies = (
				11EAC94D29D3DF8400783AD5 /* PBXTargetDependency */,
			);
			name = UnitTestingUITests;
			productName = UnitTestingUITests;
			productReference = 11EAC94B29D3DF8400783AD5 /* UnitTestingUITests.xctest */;
			productType = "com.apple.product-type.bundle.ui-testing";
		};
/* End PBXNativeTarget section */

/* Begin PBXProject section */
		11EAC92329D3DF8200783AD5 /* Project object */ = {
			isa = PBXProject;
			attributes = {
				BuildIndependentTargetsInParallel = 1;
				LastSwiftUpdateCheck = 1420;
				LastUpgradeCheck = 1420;
				TargetAttributes = {
					11EAC92A29D3DF8200783AD5 = {
						CreatedOnToolsVersion = 14.2;
					};
					11EAC94029D3DF8400783AD5 = {
						CreatedOnToolsVersion = 14.2;
						TestTargetID = 11EAC92A29D3DF8200783AD5;
					};
					11EAC94A29D3DF8400783AD5 = {
						CreatedOnToolsVersion = 14.2;
						TestTargetID = 11EAC92A29D3DF8200783AD5;
					};
				};
			};
			buildConfigurationList = 11EAC92629D3DF8200783AD5 /* Build configuration list for PBXProject "UnitTesting" */;
			compatibilityVersion = "Xcode 13.0";
			developmentRegion = en;
			hasScannedForEncodings = 0;
			knownRegions = (
				en,
				Base,
			);
			mainGroup = 11EAC92229D3DF8200783AD5;
			productRefGroup = 11EAC92C29D3DF8200783AD5 /* Products */;
			projectDirPath = "";
			projectRoot = "";
			targets = (
				11EAC92A29D3DF8200783AD5 /* UnitTesting */,
				11EAC94029D3DF8400783AD5 /* UnitTestingTests */,
				11EAC94A29D3DF8400783AD5 /* UnitTestingUITests */,
			);
		};
/* End PBXProject section */

/* Begin PBXResourcesBuildPhase section */
		11EAC92929D3DF8200783AD5 /* Resources */ = {
			isa = PBXResourcesBuildPhase;
			buildActionMask = 2147483647;
			files = (
				11EAC93B29D3DF8400783AD5 /* LaunchScreen.storyboard in Resources */,
				11EAC93829D3DF8400783AD5 /* Assets.xcassets in Resources */,
				11EAC93629D3DF8200783AD5 /* Main.storyboard in Resources */,
			);
			runOnlyForDeploymentPostprocessing = 0;
		};
		11EAC93F29D3DF8400783AD5 /* Resources */ = {
			isa = PBXResourcesBuildPhase;
			buildActionMask = 2147483647;
			files = (
			);
			runOnlyForDeploymentPostprocessing = 0;
		};
		11EAC94929D3DF8400783AD5 /* Resources */ = {
			isa = PBXResourcesBuildPhase;
			buildActionMask = 2147483647;
			files = (
			);
			runOnlyForDeploymentPostprocessing = 0;
		};
/* End PBXResourcesBuildPhase section */

/* Begin PBXSourcesBuildPhase section */
		11EAC92729D3DF8200783AD5 /* Sources */ = {
			isa = PBXSourcesBuildPhase;
			buildActionMask = 2147483647;
			files = (
				11EAC93329D3DF8200783AD5 /* ViewController.swift in Sources */,
				11EAC95F29D3DFE400783AD5 /* MathStuff.swift in Sources */,
				11EAC92F29D3DF8200783AD5 /* AppDelegate.swift in Sources */,
				11EAC93129D3DF8200783AD5 /* SceneDelegate.swift in Sources */,
			);
			runOnlyForDeploymentPostprocessing = 0;
		};
		11EAC93D29D3DF8400783AD5 /* Sources */ = {
			isa = PBXSourcesBuildPhase;
			buildActionMask = 2147483647;
			files = (
				11EAC94629D3DF8400783AD5 /* UnitTestingTests.swift in Sources */,
			);
			runOnlyForDeploymentPostprocessing = 0;
		};
		11EAC94729D3DF8400783AD5 /* Sources */ = {
			isa = PBXSourcesBuildPhase;
			buildActionMask = 2147483647;
			files = (
				11EAC95029D3DF8400783AD5 /* UnitTestingUITests.swift in Sources */,
				11EAC95229D3DF8400783AD5 /* UnitTestingUITestsLaunchTests.swift in Sources */,
			);
			runOnlyForDeploymentPostprocessing = 0;
		};
/* End PBXSourcesBuildPhase section */

/* Begin PBXTargetDependency section */
		11EAC94329D3DF8400783AD5 /* PBXTargetDependency */ = {
			isa = PBXTargetDependency;
			target = 11EAC92A29D3DF8200783AD5 /* UnitTesting */;
			targetProxy = 11EAC94229D3DF8400783AD5 /* PBXContainerItemProxy */;
		};
		11EAC94D29D3DF8400783AD5 /* PBXTargetDependency */ = {
			isa = PBXTargetDependency;
			target = 11EAC92A29D3DF8200783AD5 /* UnitTesting */;
			targetProxy = 11EAC94C29D3DF8400783AD5 /* PBXContainerItemProxy */;
		};
/* End PBXTargetDependency section */

/* Begin PBXVariantGroup section */
		11EAC93429D3DF8200783AD5 /* Main.storyboard */ = {
			isa = PBXVariantGroup;
			children = (
				11EAC93529D3DF8200783AD5 /* Base */,
			);
			name = Main.storyboard;
			sourceTree = "<group>";
		};
		11EAC93929D3DF8400783AD5 /* LaunchScreen.storyboard */ = {
			isa = PBXVariantGroup;
			children = (
				11EAC93A29D3DF8400783AD5 /* Base */,
			);
			name = LaunchScreen.storyboard;
			sourceTree = "<group>";
		};
/* End PBXVariantGroup section */

/* Begin XCBuildConfiguration section */
		11EAC95329D3DF8400783AD5 /* Debug */ = {
			isa = XCBuildConfiguration;
			buildSettings = {
				ALWAYS_SEARCH_USER_PATHS = NO;
				CLANG_ANALYZER_NONNULL = YES;
				CLANG_ANALYZER_NUMBER_OBJECT_CONVERSION = YES_AGGRESSIVE;
				CLANG_CXX_LANGUAGE_STANDARD = "gnu++20";
				CLANG_ENABLE_MODULES = YES;
				CLANG_ENABLE_OBJC_ARC = YES;
				CLANG_ENABLE_OBJC_WEAK = YES;
				CLANG_WARN_BLOCK_CAPTURE_AUTORELEASING = YES;
				CLANG_WARN_BOOL_CONVERSION = YES;
				CLANG_WARN_COMMA = YES;
				CLANG_WARN_CONSTANT_CONVERSION = YES;
				CLANG_WARN_DEPRECATED_OBJC_IMPLEMENTATIONS = YES;
				CLANG_WARN_DIRECT_OBJC_ISA_USAGE = YES_ERROR;
				CLANG_WARN_DOCUMENTATION_COMMENTS = YES;
				CLANG_WARN_EMPTY_BODY = YES;
				CLANG_WARN_ENUM_CONVERSION = YES;
				CLANG_WARN_INFINITE_RECURSION = YES;
				CLANG_WARN_INT_CONVERSION = YES;
				CLANG_WARN_NON_LITERAL_NULL_CONVERSION = YES;
				CLANG_WARN_OBJC_IMPLICIT_RETAIN_SELF = YES;
				CLANG_WARN_OBJC_LITERAL_CONVERSION = YES;
				CLANG_WARN_OBJC_ROOT_CLASS = YES_ERROR;
				CLANG_WARN_QUOTED_INCLUDE_IN_FRAMEWORK_HEADER = YES;
				CLANG_WARN_RANGE_LOOP_ANALYSIS = YES;
				CLANG_WARN_STRICT_PROTOTYPES = YES;
				CLANG_WARN_SUSPICIOUS_MOVE = YES;
				CLANG_WARN_UNGUARDED_AVAILABILITY = YES_AGGRESSIVE;
				CLANG_WARN_UNREACHABLE_CODE = YES;
				CLANG_WARN__DUPLICATE_METHOD_MATCH = YES;
				COPY_PHASE_STRIP = NO;
				DEBUG_INFORMATION_FORMAT = dwarf;
				ENABLE_STRICT_OBJC_MSGSEND = YES;
				ENABLE_TESTABILITY = YES;
				GCC_C_LANGUAGE_STANDARD = gnu11;
				GCC_DYNAMIC_NO_PIC = NO;
				GCC_NO_COMMON_BLOCKS = YES;
				GCC_OPTIMIZATION_LEVEL = 0;
				GCC_PREPROCESSOR_DEFINITIONS = (
					"DEBUG=1",
					"$(inherited)",
				);
				GCC_WARN_64_TO_32_BIT_CONVERSION = YES;
				GCC_WARN_ABOUT_RETURN_TYPE = YES_ERROR;
				GCC_WARN_UNDECLARED_SELECTOR = YES;
				GCC_WARN_UNINITIALIZED_AUTOS = YES_AGGRESSIVE;
				GCC_WARN_UNUSED_FUNCTION = YES;
				GCC_WARN_UNUSED_VARIABLE = YES;
				IPHONEOS_DEPLOYMENT_TARGET = 16.2;
				MTL_ENABLE_DEBUG_INFO = INCLUDE_SOURCE;
				MTL_FAST_MATH = YES;
				ONLY_ACTIVE_ARCH = YES;
				SDKROOT = iphoneos;
				SWIFT_ACTIVE_COMPILATION_CONDITIONS = DEBUG;
				SWIFT_OPTIMIZATION_LEVEL = "-Onone";
			};
			name = Debug;
		};
		11EAC95429D3DF8400783AD5 /* Release */ = {
			isa = XCBuildConfiguration;
			buildSettings = {
				ALWAYS_SEARCH_USER_PATHS = NO;
				CLANG_ANALYZER_NONNULL = YES;
				CLANG_ANALYZER_NUMBER_OBJECT_CONVERSION = YES_AGGRESSIVE;
				CLANG_CXX_LANGUAGE_STANDARD = "gnu++20";
				CLANG_ENABLE_MODULES = YES;
				CLANG_ENABLE_OBJC_ARC = YES;
				CLANG_ENABLE_OBJC_WEAK = YES;
				CLANG_WARN_BLOCK_CAPTURE_AUTORELEASING = YES;
				CLANG_WARN_BOOL_CONVERSION = YES;
				CLANG_WARN_COMMA = YES;
				CLANG_WARN_CONSTANT_CONVERSION = YES;
				CLANG_WARN_DEPRECATED_OBJC_IMPLEMENTATIONS = YES;
				CLANG_WARN_DIRECT_OBJC_ISA_USAGE = YES_ERROR;
				CLANG_WARN_DOCUMENTATION_COMMENTS = YES;
				CLANG_WARN_EMPTY_BODY = YES;
				CLANG_WARN_ENUM_CONVERSION = YES;
				CLANG_WARN_INFINITE_RECURSION = YES;
				CLANG_WARN_INT_CONVERSION = YES;
				CLANG_WARN_NON_LITERAL_NULL_CONVERSION = YES;
				CLANG_WARN_OBJC_IMPLICIT_RETAIN_SELF = YES;
				CLANG_WARN_OBJC_LITERAL_CONVERSION = YES;
				CLANG_WARN_OBJC_ROOT_CLASS = YES_ERROR;
				CLANG_WARN_QUOTED_INCLUDE_IN_FRAMEWORK_HEADER = YES;
				CLANG_WARN_RANGE_LOOP_ANALYSIS = YES;
				CLANG_WARN_STRICT_PROTOTYPES = YES;
				CLANG_WARN_SUSPICIOUS_MOVE = YES;
				CLANG_WARN_UNGUARDED_AVAILABILITY = YES_AGGRESSIVE;
				CLANG_WARN_UNREACHABLE_CODE = YES;
				CLANG_WARN__DUPLICATE_METHOD_MATCH = YES;
				COPY_PHASE_STRIP = NO;
				DEBUG_INFORMATION_FORMAT = "dwarf-with-dsym";
				ENABLE_NS_ASSERTIONS = NO;
				ENABLE_STRICT_OBJC_MSGSEND = YES;
				GCC_C_LANGUAGE_STANDARD = gnu11;
				GCC_NO_COMMON_BLOCKS = YES;
				GCC_WARN_64_TO_32_BIT_CONVERSION = YES;
				GCC_WARN_ABOUT_RETURN_TYPE = YES_ERROR;
				GCC_WARN_UNDECLARED_SELECTOR = YES;
				GCC_WARN_UNINITIALIZED_AUTOS = YES_AGGRESSIVE;
				GCC_WARN_UNUSED_FUNCTION = YES;
				GCC_WARN_UNUSED_VARIABLE = YES;
				IPHONEOS_DEPLOYMENT_TARGET = 16.2;
				MTL_ENABLE_DEBUG_INFO = NO;
				MTL_FAST_MATH = YES;
				SDKROOT = iphoneos;
				SWIFT_COMPILATION_MODE = wholemodule;
				SWIFT_OPTIMIZATION_LEVEL = "-O";
				VALIDATE_PRODUCT = YES;
			};
			name = Release;
		};
		11EAC95629D3DF8400783AD5 /* Debug */ = {
			isa = XCBuildConfiguration;
			buildSettings = {
				ASSETCATALOG_COMPILER_APPICON_NAME = AppIcon;
				ASSETCATALOG_COMPILER_GLOBAL_ACCENT_COLOR_NAME = AccentColor;
				CODE_SIGN_STYLE = Automatic;
				CURRENT_PROJECT_VERSION = 1;
				GENERATE_INFOPLIST_FILE = YES;
				INFOPLIST_FILE = UnitTesting/Info.plist;
				INFOPLIST_KEY_UIApplicationSupportsIndirectInputEvents = YES;
				INFOPLIST_KEY_UILaunchStoryboardName = LaunchScreen;
				INFOPLIST_KEY_UIMainStoryboardFile = Main;
				INFOPLIST_KEY_UISupportedInterfaceOrientations_iPad = "UIInterfaceOrientationPortrait UIInterfaceOrientationPortraitUpsideDown UIInterfaceOrientationLandscapeLeft UIInterfaceOrientationLandscapeRight";
				INFOPLIST_KEY_UISupportedInterfaceOrientations_iPhone = "UIInterfaceOrientationPortrait UIInterfaceOrientationLandscapeLeft UIInterfaceOrientationLandscapeRight";
				IPHONEOS_DEPLOYMENT_TARGET = 13.0;
				LD_RUNPATH_SEARCH_PATHS = (
					"$(inherited)",
					"@executable_path/Frameworks",
				);
				MARKETING_VERSION = 1.0;
				PRODUCT_BUNDLE_IDENTIFIER = com.jervygu.UnitTesting;
				PRODUCT_NAME = "$(TARGET_NAME)";
				SWIFT_EMIT_LOC_STRINGS = YES;
				SWIFT_VERSION = 5.0;
				TARGETED_DEVICE_FAMILY = "1,2";
			};
			name = Debug;
		};
		11EAC95729D3DF8400783AD5 /* Release */ = {
			isa = XCBuildConfiguration;
			buildSettings = {
				ASSETCATALOG_COMPILER_APPICON_NAME = AppIcon;
				ASSETCATALOG_COMPILER_GLOBAL_ACCENT_COLOR_NAME = AccentColor;
				CODE_SIGN_STYLE = Automatic;
				CURRENT_PROJECT_VERSION = 1;
				GENERATE_INFOPLIST_FILE = YES;
				INFOPLIST_FILE = UnitTesting/Info.plist;
				INFOPLIST_KEY_UIApplicationSupportsIndirectInputEvents = YES;
				INFOPLIST_KEY_UILaunchStoryboardName = LaunchScreen;
				INFOPLIST_KEY_UIMainStoryboardFile = Main;
				INFOPLIST_KEY_UISupportedInterfaceOrientations_iPad = "UIInterfaceOrientationPortrait UIInterfaceOrientationPortraitUpsideDown UIInterfaceOrientationLandscapeLeft UIInterfaceOrientationLandscapeRight";
				INFOPLIST_KEY_UISupportedInterfaceOrientations_iPhone = "UIInterfaceOrientationPortrait UIInterfaceOrientationLandscapeLeft UIInterfaceOrientationLandscapeRight";
				IPHONEOS_DEPLOYMENT_TARGET = 13.0;
				LD_RUNPATH_SEARCH_PATHS = (
					"$(inherited)",
					"@executable_path/Frameworks",
				);
				MARKETING_VERSION = 1.0;
				PRODUCT_BUNDLE_IDENTIFIER = com.jervygu.UnitTesting;
				PRODUCT_NAME = "$(TARGET_NAME)";
				SWIFT_EMIT_LOC_STRINGS = YES;
				SWIFT_VERSION = 5.0;
				TARGETED_DEVICE_FAMILY = "1,2";
			};
			name = Release;
		};
		11EAC95929D3DF8400783AD5 /* Debug */ = {
			isa = XCBuildConfiguration;
			buildSettings = {
				ALWAYS_EMBED_SWIFT_STANDARD_LIBRARIES = YES;
				BUNDLE_LOADER = "$(TEST_HOST)";
				CODE_SIGN_STYLE = Automatic;
				CURRENT_PROJECT_VERSION = 1;
				GENERATE_INFOPLIST_FILE = YES;
				IPHONEOS_DEPLOYMENT_TARGET = 16.2;
				MARKETING_VERSION = 1.0;
				PRODUCT_BUNDLE_IDENTIFIER = com.jervygu.UnitTestingTests;
				PRODUCT_NAME = "$(TARGET_NAME)";
				SWIFT_EMIT_LOC_STRINGS = NO;
				SWIFT_VERSION = 5.0;
				TARGETED_DEVICE_FAMILY = "1,2";
				TEST_HOST = "$(BUILT_PRODUCTS_DIR)/UnitTesting.app/$(BUNDLE_EXECUTABLE_FOLDER_PATH)/UnitTesting";
			};
			name = Debug;
		};
		11EAC95A29D3DF8400783AD5 /* Release */ = {
			isa = XCBuildConfiguration;
			buildSettings = {
				ALWAYS_EMBED_SWIFT_STANDARD_LIBRARIES = YES;
				BUNDLE_LOADER = "$(TEST_HOST)";
				CODE_SIGN_STYLE = Automatic;
				CURRENT_PROJECT_VERSION = 1;
				GENERATE_INFOPLIST_FILE = YES;
				IPHONEOS_DEPLOYMENT_TARGET = 16.2;
				MARKETING_VERSION = 1.0;
				PRODUCT_BUNDLE_IDENTIFIER = com.jervygu.UnitTestingTests;
				PRODUCT_NAME = "$(TARGET_NAME)";
				SWIFT_EMIT_LOC_STRINGS = NO;
				SWIFT_VERSION = 5.0;
				TARGETED_DEVICE_FAMILY = "1,2";
				TEST_HOST = "$(BUILT_PRODUCTS_DIR)/UnitTesting.app/$(BUNDLE_EXECUTABLE_FOLDER_PATH)/UnitTesting";
			};
			name = Release;
		};
		11EAC95C29D3DF8400783AD5 /* Debug */ = {
			isa = XCBuildConfiguration;
			buildSettings = {
				ALWAYS_EMBED_SWIFT_STANDARD_LIBRARIES = YES;
				CODE_SIGN_STYLE = Automatic;
				CURRENT_PROJECT_VERSION = 1;
				GENERATE_INFOPLIST_FILE = YES;
				MARKETING_VERSION = 1.0;
				PRODUCT_BUNDLE_IDENTIFIER = com.jervygu.UnitTestingUITests;
				PRODUCT_NAME = "$(TARGET_NAME)";
				SWIFT_EMIT_LOC_STRINGS = NO;
				SWIFT_VERSION = 5.0;
				TARGETED_DEVICE_FAMILY = "1,2";
				TEST_TARGET_NAME = UnitTesting;
			};
			name = Debug;
		};
		11EAC95D29D3DF8400783AD5 /* Release */ = {
			isa = XCBuildConfiguration;
			buildSettings = {
				ALWAYS_EMBED_SWIFT_STANDARD_LIBRARIES = YES;
				CODE_SIGN_STYLE = Automatic;
				CURRENT_PROJECT_VERSION = 1;
				GENERATE_INFOPLIST_FILE = YES;
				MARKETING_VERSION = 1.0;
				PRODUCT_BUNDLE_IDENTIFIER = com.jervygu.UnitTestingUITests;
				PRODUCT_NAME = "$(TARGET_NAME)";
				SWIFT_EMIT_LOC_STRINGS = NO;
				SWIFT_VERSION = 5.0;
				TARGETED_DEVICE_FAMILY = "1,2";
				TEST_TARGET_NAME = UnitTesting;
			};
			name = Release;
		};
/* End XCBuildConfiguration section */

/* Begin XCConfigurationList section */
		11EAC92629D3DF8200783AD5 /* Build configuration list for PBXProject "UnitTesting" */ = {
			isa = XCConfigurationList;
			buildConfigurations = (
				11EAC95329D3DF8400783AD5 /* Debug */,
				11EAC95429D3DF8400783AD5 /* Release */,
			);
			defaultConfigurationIsVisible = 0;
			defaultConfigurationName = Release;
		};
		11EAC95529D3DF8400783AD5 /* Build configuration list for PBXNativeTarget "UnitTesting" */ = {
			isa = XCConfigurationList;
			buildConfigurations = (
				11EAC95629D3DF8400783AD5 /* Debug */,
				11EAC95729D3DF8400783AD5 /* Release */,
			);
			defaultConfigurationIsVisible = 0;
			defaultConfigurationName = Release;
		};
		11EAC95829D3DF8400783AD5 /* Build configuration list for PBXNativeTarget "UnitTestingTests" */ = {
			isa = XCConfigurationList;
			buildConfigurations = (
				11EAC95929D3DF8400783AD5 /* Debug */,
				11EAC95A29D3DF8400783AD5 /* Release */,
			);
			defaultConfigurationIsVisible = 0;
			defaultConfigurationName = Release;
		};
		11EAC95B29D3DF8400783AD5 /* Build configuration list for PBXNativeTarget "UnitTestingUITests" */ = {
			isa = XCConfigurationList;
			buildConfigurations = (
				11EAC95C29D3DF8400783AD5 /* Debug */,
				11EAC95D29D3DF8400783AD5 /* Release */,
			);
			defaultConfigurationIsVisible = 0;
			defaultConfigurationName = Release;
		};
/* End XCConfigurationList section */
	};
	rootObject = 11EAC92329D3DF8200783AD5 /* Project object */;
}
